// !$*UTF8*$!
{
	archiveVersion = 1;
	classes = {
	};
	objectVersion = 56;
	objects = {

/* Begin PBXBuildFile section */
		9704AEF22B1D0394001CAC4C /* AddAnimalViewModel.swift in Sources */ = {isa = PBXBuildFile; fileRef = 9704AEF12B1D0394001CAC4C /* AddAnimalViewModel.swift */; };
		9704AEF42B1D03D1001CAC4C /* AddAnimalView.swift in Sources */ = {isa = PBXBuildFile; fileRef = 9704AEF32B1D03D1001CAC4C /* AddAnimalView.swift */; };
		9704AEF62B1D064F001CAC4C /* AnimalExtensions.swift in Sources */ = {isa = PBXBuildFile; fileRef = 9704AEF52B1D064F001CAC4C /* AnimalExtensions.swift */; };
		9704AEF82B1D0678001CAC4C /* BaseModel.swift in Sources */ = {isa = PBXBuildFile; fileRef = 9704AEF72B1D0678001CAC4C /* BaseModel.swift */; };
		976A61632B1BB2CD009752BA /* AnimalsDataModel.xcdatamodeld in Sources */ = {isa = PBXBuildFile; fileRef = 976A61612B1BB2CD009752BA /* AnimalsDataModel.xcdatamodeld */; };
		976A61682B1BB5A5009752BA /* GalleryEntity+CoreDataClass.swift in Sources */ = {isa = PBXBuildFile; fileRef = 976A61642B1BB5A5009752BA /* GalleryEntity+CoreDataClass.swift */; };
		976A61692B1BB5A5009752BA /* GalleryEntity+CoreDataProperties.swift in Sources */ = {isa = PBXBuildFile; fileRef = 976A61652B1BB5A5009752BA /* GalleryEntity+CoreDataProperties.swift */; };
		976A616A2B1BB5A5009752BA /* AnimalEntity+CoreDataClass.swift in Sources */ = {isa = PBXBuildFile; fileRef = 976A61662B1BB5A5009752BA /* AnimalEntity+CoreDataClass.swift */; };
		976A616B2B1BB5A5009752BA /* AnimalEntity+CoreDataProperties.swift in Sources */ = {isa = PBXBuildFile; fileRef = 976A61672B1BB5A5009752BA /* AnimalEntity+CoreDataProperties.swift */; };
		976A616E2B1BBB77009752BA /* CoreDataTest.swift in Sources */ = {isa = PBXBuildFile; fileRef = 976A616D2B1BBB77009752BA /* CoreDataTest.swift */; };
		976A61712B1BBC31009752BA /* CoreDataManager.swift in Sources */ = {isa = PBXBuildFile; fileRef = 976A61702B1BBC31009752BA /* CoreDataManager.swift */; };
		976A61732B1BBD32009752BA /* AnimalsViewModel.swift in Sources */ = {isa = PBXBuildFile; fileRef = 976A61722B1BBD32009752BA /* AnimalsViewModel.swift */; };
		97912E332B19461400A97D29 /* AnimalsApp.swift in Sources */ = {isa = PBXBuildFile; fileRef = 97912E322B19461400A97D29 /* AnimalsApp.swift */; };
		97912E352B19461400A97D29 /* ContentView.swift in Sources */ = {isa = PBXBuildFile; fileRef = 97912E342B19461400A97D29 /* ContentView.swift */; };
		97912E372B19461500A97D29 /* Assets.xcassets in Resources */ = {isa = PBXBuildFile; fileRef = 97912E362B19461500A97D29 /* Assets.xcassets */; };
		97912E3A2B19461500A97D29 /* Preview Assets.xcassets in Resources */ = {isa = PBXBuildFile; fileRef = 97912E392B19461500A97D29 /* Preview Assets.xcassets */; };
		97912E472B19473800A97D29 /* AnimalsView.swift in Sources */ = {isa = PBXBuildFile; fileRef = 97912E462B19473800A97D29 /* AnimalsView.swift */; };
		97912E4B2B19475300A97D29 /* MapsView.swift in Sources */ = {isa = PBXBuildFile; fileRef = 97912E4A2B19475300A97D29 /* MapsView.swift */; };
		97912E502B1948CF00A97D29 /* Header.swift in Sources */ = {isa = PBXBuildFile; fileRef = 97912E4F2B1948CF00A97D29 /* Header.swift */; };
		97912E532B194A7500A97D29 /* CoverImage.swift in Sources */ = {isa = PBXBuildFile; fileRef = 97912E522B194A7500A97D29 /* CoverImage.swift */; };
		97912E552B194AD200A97D29 /* covers.json in Resources */ = {isa = PBXBuildFile; fileRef = 97912E542B194AD200A97D29 /* covers.json */; };
		97912E572B194B7600A97D29 /* Decode.swift in Sources */ = {isa = PBXBuildFile; fileRef = 97912E562B194B7600A97D29 /* Decode.swift */; };
		97912E592B19781500A97D29 /* animals.json in Resources */ = {isa = PBXBuildFile; fileRef = 97912E582B19781400A97D29 /* animals.json */; };
		97912E5B2B197A6400A97D29 /* Animal.swift in Sources */ = {isa = PBXBuildFile; fileRef = 97912E5A2B197A6400A97D29 /* Animal.swift */; };
		97912E5D2B197AEA00A97D29 /* AnimalListItem.swift in Sources */ = {isa = PBXBuildFile; fileRef = 97912E5C2B197AEA00A97D29 /* AnimalListItem.swift */; };
		97912E5F2B197DB900A97D29 /* AnimalDetailView.swift in Sources */ = {isa = PBXBuildFile; fileRef = 97912E5E2B197DB900A97D29 /* AnimalDetailView.swift */; };
		97912E612B197E6200A97D29 /* HeadingView.swift in Sources */ = {isa = PBXBuildFile; fileRef = 97912E602B197E6200A97D29 /* HeadingView.swift */; };
		97912E632B197E9200A97D29 /* InsetGallery.swift in Sources */ = {isa = PBXBuildFile; fileRef = 97912E622B197E9200A97D29 /* InsetGallery.swift */; };
		97912E652B197F6B00A97D29 /* InsetFactView.swift in Sources */ = {isa = PBXBuildFile; fileRef = 97912E642B197F6B00A97D29 /* InsetFactView.swift */; };
		97912E672B1981D000A97D29 /* InsetMap.swift in Sources */ = {isa = PBXBuildFile; fileRef = 97912E662B1981D000A97D29 /* InsetMap.swift */; };
		97912E6A2B19847B00A97D29 /* MapAnnotation.swift in Sources */ = {isa = PBXBuildFile; fileRef = 97912E692B19847B00A97D29 /* MapAnnotation.swift */; };
/* End PBXBuildFile section */

/* Begin PBXFileReference section */
		9704AEF12B1D0394001CAC4C /* AddAnimalViewModel.swift */ = {isa = PBXFileReference; lastKnownFileType = sourcecode.swift; path = AddAnimalViewModel.swift; sourceTree = "<group>"; };
		9704AEF32B1D03D1001CAC4C /* AddAnimalView.swift */ = {isa = PBXFileReference; lastKnownFileType = sourcecode.swift; path = AddAnimalView.swift; sourceTree = "<group>"; };
		9704AEF52B1D064F001CAC4C /* AnimalExtensions.swift */ = {isa = PBXFileReference; lastKnownFileType = sourcecode.swift; path = AnimalExtensions.swift; sourceTree = "<group>"; };
		9704AEF72B1D0678001CAC4C /* BaseModel.swift */ = {isa = PBXFileReference; lastKnownFileType = sourcecode.swift; path = BaseModel.swift; sourceTree = "<group>"; };
		976A61622B1BB2CD009752BA /* AnimalsDataModel.xcdatamodel */ = {isa = PBXFileReference; lastKnownFileType = wrapper.xcdatamodel; path = AnimalsDataModel.xcdatamodel; sourceTree = "<group>"; };
		976A61642B1BB5A5009752BA /* GalleryEntity+CoreDataClass.swift */ = {isa = PBXFileReference; lastKnownFileType = sourcecode.swift; path = "GalleryEntity+CoreDataClass.swift"; sourceTree = "<group>"; };
		976A61652B1BB5A5009752BA /* GalleryEntity+CoreDataProperties.swift */ = {isa = PBXFileReference; lastKnownFileType = sourcecode.swift; path = "GalleryEntity+CoreDataProperties.swift"; sourceTree = "<group>"; };
		976A61662B1BB5A5009752BA /* AnimalEntity+CoreDataClass.swift */ = {isa = PBXFileReference; lastKnownFileType = sourcecode.swift; path = "AnimalEntity+CoreDataClass.swift"; sourceTree = "<group>"; };
		976A61672B1BB5A5009752BA /* AnimalEntity+CoreDataProperties.swift */ = {isa = PBXFileReference; lastKnownFileType = sourcecode.swift; path = "AnimalEntity+CoreDataProperties.swift"; sourceTree = "<group>"; };
		976A616D2B1BBB77009752BA /* CoreDataTest.swift */ = {isa = PBXFileReference; lastKnownFileType = sourcecode.swift; path = CoreDataTest.swift; sourceTree = "<group>"; };
		976A61702B1BBC31009752BA /* CoreDataManager.swift */ = {isa = PBXFileReference; lastKnownFileType = sourcecode.swift; path = CoreDataManager.swift; sourceTree = "<group>"; };
		976A61722B1BBD32009752BA /* AnimalsViewModel.swift */ = {isa = PBXFileReference; lastKnownFileType = sourcecode.swift; path = AnimalsViewModel.swift; sourceTree = "<group>"; };
		97912E2F2B19461400A97D29 /* Animals.app */ = {isa = PBXFileReference; explicitFileType = wrapper.application; includeInIndex = 0; path = Animals.app; sourceTree = BUILT_PRODUCTS_DIR; };
		97912E322B19461400A97D29 /* AnimalsApp.swift */ = {isa = PBXFileReference; lastKnownFileType = sourcecode.swift; path = AnimalsApp.swift; sourceTree = "<group>"; };
		97912E342B19461400A97D29 /* ContentView.swift */ = {isa = PBXFileReference; lastKnownFileType = sourcecode.swift; path = ContentView.swift; sourceTree = "<group>"; };
		97912E362B19461500A97D29 /* Assets.xcassets */ = {isa = PBXFileReference; lastKnownFileType = folder.assetcatalog; path = Assets.xcassets; sourceTree = "<group>"; };
		97912E392B19461500A97D29 /* Preview Assets.xcassets */ = {isa = PBXFileReference; lastKnownFileType = folder.assetcatalog; path = "Preview Assets.xcassets"; sourceTree = "<group>"; };
		97912E462B19473800A97D29 /* AnimalsView.swift */ = {isa = PBXFileReference; lastKnownFileType = sourcecode.swift; path = AnimalsView.swift; sourceTree = "<group>"; };
		97912E4A2B19475300A97D29 /* MapsView.swift */ = {isa = PBXFileReference; lastKnownFileType = sourcecode.swift; path = MapsView.swift; sourceTree = "<group>"; };
		97912E4F2B1948CF00A97D29 /* Header.swift */ = {isa = PBXFileReference; lastKnownFileType = sourcecode.swift; path = Header.swift; sourceTree = "<group>"; };
		97912E522B194A7500A97D29 /* CoverImage.swift */ = {isa = PBXFileReference; lastKnownFileType = sourcecode.swift; path = CoverImage.swift; sourceTree = "<group>"; };
		97912E542B194AD200A97D29 /* covers.json */ = {isa = PBXFileReference; lastKnownFileType = text.json; path = covers.json; sourceTree = "<group>"; };
		97912E562B194B7600A97D29 /* Decode.swift */ = {isa = PBXFileReference; lastKnownFileType = sourcecode.swift; path = Decode.swift; sourceTree = "<group>"; };
		97912E582B19781400A97D29 /* animals.json */ = {isa = PBXFileReference; lastKnownFileType = text.json; path = animals.json; sourceTree = "<group>"; };
		97912E5A2B197A6400A97D29 /* Animal.swift */ = {isa = PBXFileReference; lastKnownFileType = sourcecode.swift; path = Animal.swift; sourceTree = "<group>"; };
		97912E5C2B197AEA00A97D29 /* AnimalListItem.swift */ = {isa = PBXFileReference; lastKnownFileType = sourcecode.swift; path = AnimalListItem.swift; sourceTree = "<group>"; };
		97912E5E2B197DB900A97D29 /* AnimalDetailView.swift */ = {isa = PBXFileReference; lastKnownFileType = sourcecode.swift; path = AnimalDetailView.swift; sourceTree = "<group>"; };
		97912E602B197E6200A97D29 /* HeadingView.swift */ = {isa = PBXFileReference; lastKnownFileType = sourcecode.swift; path = HeadingView.swift; sourceTree = "<group>"; };
		97912E622B197E9200A97D29 /* InsetGallery.swift */ = {isa = PBXFileReference; lastKnownFileType = sourcecode.swift; path = InsetGallery.swift; sourceTree = "<group>"; };
		97912E642B197F6B00A97D29 /* InsetFactView.swift */ = {isa = PBXFileReference; lastKnownFileType = sourcecode.swift; path = InsetFactView.swift; sourceTree = "<group>"; };
		97912E662B1981D000A97D29 /* InsetMap.swift */ = {isa = PBXFileReference; lastKnownFileType = sourcecode.swift; path = InsetMap.swift; sourceTree = "<group>"; };
		97912E692B19847B00A97D29 /* MapAnnotation.swift */ = {isa = PBXFileReference; lastKnownFileType = sourcecode.swift; path = MapAnnotation.swift; sourceTree = "<group>"; };
/* End PBXFileReference section */

/* Begin PBXFrameworksBuildPhase section */
		97912E2C2B19461400A97D29 /* Frameworks */ = {
			isa = PBXFrameworksBuildPhase;
			buildActionMask = 2147483647;
			files = (
			);
			runOnlyForDeploymentPostprocessing = 0;
		};
/* End PBXFrameworksBuildPhase section */

/* Begin PBXGroup section */
		976A616C2B1BB5B3009752BA /* Entities */ = {
			isa = PBXGroup;
			children = (
				976A61642B1BB5A5009752BA /* GalleryEntity+CoreDataClass.swift */,
				976A61652B1BB5A5009752BA /* GalleryEntity+CoreDataProperties.swift */,
				976A61662B1BB5A5009752BA /* AnimalEntity+CoreDataClass.swift */,
				976A61672B1BB5A5009752BA /* AnimalEntity+CoreDataProperties.swift */,
			);
			path = Entities;
			sourceTree = "<group>";
		};
		976A616F2B1BBC25009752BA /* Managers */ = {
			isa = PBXGroup;
			children = (
				976A61702B1BBC31009752BA /* CoreDataManager.swift */,
			);
			path = Managers;
			sourceTree = "<group>";
		};
		97912E262B19461400A97D29 = {
			isa = PBXGroup;
			children = (
				97912E312B19461400A97D29 /* Animals */,
				97912E302B19461400A97D29 /* Products */,
			);
			sourceTree = "<group>";
		};
		97912E302B19461400A97D29 /* Products */ = {
			isa = PBXGroup;
			children = (
				97912E2F2B19461400A97D29 /* Animals.app */,
			);
			name = Products;
			sourceTree = "<group>";
		};
		97912E312B19461400A97D29 /* Animals */ = {
			isa = PBXGroup;
			children = (
				976A616F2B1BBC25009752BA /* Managers */,
				976A616C2B1BB5B3009752BA /* Entities */,
				97912E512B1949AB00A97D29 /* Data */,
				97912E452B19471200A97D29 /* App */,
				97912E442B19470900A97D29 /* Extensions */,
				97912E422B1946FF00A97D29 /* ViewModels */,
				97912E412B1946F900A97D29 /* Views */,
				97912E402B1946F400A97D29 /* Models */,
				97912E362B19461500A97D29 /* Assets.xcassets */,
				97912E382B19461500A97D29 /* Preview Content */,
				976A61612B1BB2CD009752BA /* AnimalsDataModel.xcdatamodeld */,
			);
			path = Animals;
			sourceTree = "<group>";
		};
		97912E382B19461500A97D29 /* Preview Content */ = {
			isa = PBXGroup;
			children = (
				97912E392B19461500A97D29 /* Preview Assets.xcassets */,
			);
			path = "Preview Content";
			sourceTree = "<group>";
		};
		97912E402B1946F400A97D29 /* Models */ = {
			isa = PBXGroup;
			children = (
				97912E522B194A7500A97D29 /* CoverImage.swift */,
				97912E5A2B197A6400A97D29 /* Animal.swift */,
				9704AEF72B1D0678001CAC4C /* BaseModel.swift */,
			);
			path = Models;
			sourceTree = "<group>";
		};
		97912E412B1946F900A97D29 /* Views */ = {
			isa = PBXGroup;
			children = (
				97912E492B19474100A97D29 /* Maps */,
				97912E482B19473D00A97D29 /* Animals */,
				976A616D2B1BBB77009752BA /* CoreDataTest.swift */,
			);
			path = Views;
			sourceTree = "<group>";
		};
		97912E422B1946FF00A97D29 /* ViewModels */ = {
			isa = PBXGroup;
			children = (
				976A61722B1BBD32009752BA /* AnimalsViewModel.swift */,
				9704AEF12B1D0394001CAC4C /* AddAnimalViewModel.swift */,
			);
			path = ViewModels;
			sourceTree = "<group>";
		};
		97912E442B19470900A97D29 /* Extensions */ = {
			isa = PBXGroup;
			children = (
				97912E562B194B7600A97D29 /* Decode.swift */,
				9704AEF52B1D064F001CAC4C /* AnimalExtensions.swift */,
			);
			path = Extensions;
			sourceTree = "<group>";
		};
		97912E452B19471200A97D29 /* App */ = {
			isa = PBXGroup;
			children = (
				97912E322B19461400A97D29 /* AnimalsApp.swift */,
				97912E342B19461400A97D29 /* ContentView.swift */,
			);
			path = App;
			sourceTree = "<group>";
		};
		97912E482B19473D00A97D29 /* Animals */ = {
			isa = PBXGroup;
			children = (
				97912E4E2B1948AA00A97D29 /* Components */,
				97912E462B19473800A97D29 /* AnimalsView.swift */,
				97912E5E2B197DB900A97D29 /* AnimalDetailView.swift */,
				9704AEF32B1D03D1001CAC4C /* AddAnimalView.swift */,
			);
			path = Animals;
			sourceTree = "<group>";
		};
		97912E492B19474100A97D29 /* Maps */ = {
			isa = PBXGroup;
			children = (
				97912E682B19847100A97D29 /* Components */,
				97912E4A2B19475300A97D29 /* MapsView.swift */,
			);
			path = Maps;
			sourceTree = "<group>";
		};
		97912E4E2B1948AA00A97D29 /* Components */ = {
			isa = PBXGroup;
			children = (
				97912E4F2B1948CF00A97D29 /* Header.swift */,
				97912E5C2B197AEA00A97D29 /* AnimalListItem.swift */,
				97912E602B197E6200A97D29 /* HeadingView.swift */,
				97912E622B197E9200A97D29 /* InsetGallery.swift */,
				97912E642B197F6B00A97D29 /* InsetFactView.swift */,
				97912E662B1981D000A97D29 /* InsetMap.swift */,
			);
			path = Components;
			sourceTree = "<group>";
		};
		97912E512B1949AB00A97D29 /* Data */ = {
			isa = PBXGroup;
			children = (
				97912E542B194AD200A97D29 /* covers.json */,
				97912E582B19781400A97D29 /* animals.json */,
			);
			path = Data;
			sourceTree = "<group>";
		};
		97912E682B19847100A97D29 /* Components */ = {
			isa = PBXGroup;
			children = (
				97912E692B19847B00A97D29 /* MapAnnotation.swift */,
			);
			path = Components;
			sourceTree = "<group>";
		};
/* End PBXGroup section */

/* Begin PBXNativeTarget section */
		97912E2E2B19461400A97D29 /* Animals */ = {
			isa = PBXNativeTarget;
			buildConfigurationList = 97912E3D2B19461500A97D29 /* Build configuration list for PBXNativeTarget "Animals" */;
			buildPhases = (
				97912E2B2B19461400A97D29 /* Sources */,
				97912E2C2B19461400A97D29 /* Frameworks */,
				97912E2D2B19461400A97D29 /* Resources */,
			);
			buildRules = (
			);
			dependencies = (
			);
			name = Animals;
			productName = Animals;
			productReference = 97912E2F2B19461400A97D29 /* Animals.app */;
			productType = "com.apple.product-type.application";
		};
/* End PBXNativeTarget section */

/* Begin PBXProject section */
		97912E272B19461400A97D29 /* Project object */ = {
			isa = PBXProject;
			attributes = {
				BuildIndependentTargetsInParallel = 1;
				LastSwiftUpdateCheck = 1500;
				LastUpgradeCheck = 1500;
				TargetAttributes = {
					97912E2E2B19461400A97D29 = {
						CreatedOnToolsVersion = 15.0.1;
					};
				};
			};
			buildConfigurationList = 97912E2A2B19461400A97D29 /* Build configuration list for PBXProject "Animals" */;
			compatibilityVersion = "Xcode 14.0";
			developmentRegion = en;
			hasScannedForEncodings = 0;
			knownRegions = (
				en,
				Base,
			);
			mainGroup = 97912E262B19461400A97D29;
			productRefGroup = 97912E302B19461400A97D29 /* Products */;
			projectDirPath = "";
			projectRoot = "";
			targets = (
				97912E2E2B19461400A97D29 /* Animals */,
			);
		};
/* End PBXProject section */

/* Begin PBXResourcesBuildPhase section */
		97912E2D2B19461400A97D29 /* Resources */ = {
			isa = PBXResourcesBuildPhase;
			buildActionMask = 2147483647;
			files = (
				97912E3A2B19461500A97D29 /* Preview Assets.xcassets in Resources */,
				97912E592B19781500A97D29 /* animals.json in Resources */,
				97912E552B194AD200A97D29 /* covers.json in Resources */,
				97912E372B19461500A97D29 /* Assets.xcassets in Resources */,
			);
			runOnlyForDeploymentPostprocessing = 0;
		};
/* End PBXResourcesBuildPhase section */

/* Begin PBXSourcesBuildPhase section */
		97912E2B2B19461400A97D29 /* Sources */ = {
			isa = PBXSourcesBuildPhase;
			buildActionMask = 2147483647;
			files = (
				97912E502B1948CF00A97D29 /* Header.swift in Sources */,
				97912E5B2B197A6400A97D29 /* Animal.swift in Sources */,
				97912E352B19461400A97D29 /* ContentView.swift in Sources */,
				976A616A2B1BB5A5009752BA /* AnimalEntity+CoreDataClass.swift in Sources */,
				97912E4B2B19475300A97D29 /* MapsView.swift in Sources */,
				9704AEF62B1D064F001CAC4C /* AnimalExtensions.swift in Sources */,
				97912E332B19461400A97D29 /* AnimalsApp.swift in Sources */,
				976A616B2B1BB5A5009752BA /* AnimalEntity+CoreDataProperties.swift in Sources */,
				976A61692B1BB5A5009752BA /* GalleryEntity+CoreDataProperties.swift in Sources */,
				976A61632B1BB2CD009752BA /* AnimalsDataModel.xcdatamodeld in Sources */,
				976A616E2B1BBB77009752BA /* CoreDataTest.swift in Sources */,
				976A61712B1BBC31009752BA /* CoreDataManager.swift in Sources */,
				97912E612B197E6200A97D29 /* HeadingView.swift in Sources */,
				97912E672B1981D000A97D29 /* InsetMap.swift in Sources */,
				9704AEF42B1D03D1001CAC4C /* AddAnimalView.swift in Sources */,
				97912E472B19473800A97D29 /* AnimalsView.swift in Sources */,
				97912E532B194A7500A97D29 /* CoverImage.swift in Sources */,
				976A61682B1BB5A5009752BA /* GalleryEntity+CoreDataClass.swift in Sources */,
				9704AEF82B1D0678001CAC4C /* BaseModel.swift in Sources */,
				97912E632B197E9200A97D29 /* InsetGallery.swift in Sources */,
				97912E652B197F6B00A97D29 /* InsetFactView.swift in Sources */,
				9704AEF22B1D0394001CAC4C /* AddAnimalViewModel.swift in Sources */,
				97912E6A2B19847B00A97D29 /* MapAnnotation.swift in Sources */,
				976A61732B1BBD32009752BA /* AnimalsViewModel.swift in Sources */,
				97912E5D2B197AEA00A97D29 /* AnimalListItem.swift in Sources */,
				97912E572B194B7600A97D29 /* Decode.swift in Sources */,
				97912E5F2B197DB900A97D29 /* AnimalDetailView.swift in Sources */,
			);
			runOnlyForDeploymentPostprocessing = 0;
		};
/* End PBXSourcesBuildPhase section */

/* Begin XCBuildConfiguration section */
		97912E3B2B19461500A97D29 /* Debug */ = {
			isa = XCBuildConfiguration;
			buildSettings = {
				ALWAYS_SEARCH_USER_PATHS = NO;
				ASSETCATALOG_COMPILER_GENERATE_SWIFT_ASSET_SYMBOL_EXTENSIONS = YES;
				CLANG_ANALYZER_NONNULL = YES;
				CLANG_ANALYZER_NUMBER_OBJECT_CONVERSION = YES_AGGRESSIVE;
				CLANG_CXX_LANGUAGE_STANDARD = "gnu++20";
				CLANG_ENABLE_MODULES = YES;
				CLANG_ENABLE_OBJC_ARC = YES;
				CLANG_ENABLE_OBJC_WEAK = YES;
				CLANG_WARN_BLOCK_CAPTURE_AUTORELEASING = YES;
				CLANG_WARN_BOOL_CONVERSION = YES;
				CLANG_WARN_COMMA = YES;
				CLANG_WARN_CONSTANT_CONVERSION = YES;
				CLANG_WARN_DEPRECATED_OBJC_IMPLEMENTATIONS = YES;
				CLANG_WARN_DIRECT_OBJC_ISA_USAGE = YES_ERROR;
				CLANG_WARN_DOCUMENTATION_COMMENTS = YES;
				CLANG_WARN_EMPTY_BODY = YES;
				CLANG_WARN_ENUM_CONVERSION = YES;
				CLANG_WARN_INFINITE_RECURSION = YES;
				CLANG_WARN_INT_CONVERSION = YES;
				CLANG_WARN_NON_LITERAL_NULL_CONVERSION = YES;
				CLANG_WARN_OBJC_IMPLICIT_RETAIN_SELF = YES;
				CLANG_WARN_OBJC_LITERAL_CONVERSION = YES;
				CLANG_WARN_OBJC_ROOT_CLASS = YES_ERROR;
				CLANG_WARN_QUOTED_INCLUDE_IN_FRAMEWORK_HEADER = YES;
				CLANG_WARN_RANGE_LOOP_ANALYSIS = YES;
				CLANG_WARN_STRICT_PROTOTYPES = YES;
				CLANG_WARN_SUSPICIOUS_MOVE = YES;
				CLANG_WARN_UNGUARDED_AVAILABILITY = YES_AGGRESSIVE;
				CLANG_WARN_UNREACHABLE_CODE = YES;
				CLANG_WARN__DUPLICATE_METHOD_MATCH = YES;
				COPY_PHASE_STRIP = NO;
				DEBUG_INFORMATION_FORMAT = dwarf;
				ENABLE_STRICT_OBJC_MSGSEND = YES;
				ENABLE_TESTABILITY = YES;
				ENABLE_USER_SCRIPT_SANDBOXING = YES;
				GCC_C_LANGUAGE_STANDARD = gnu17;
				GCC_DYNAMIC_NO_PIC = NO;
				GCC_NO_COMMON_BLOCKS = YES;
				GCC_OPTIMIZATION_LEVEL = 0;
				GCC_PREPROCESSOR_DEFINITIONS = (
					"DEBUG=1",
					"$(inherited)",
				);
				GCC_WARN_64_TO_32_BIT_CONVERSION = YES;
				GCC_WARN_ABOUT_RETURN_TYPE = YES_ERROR;
				GCC_WARN_UNDECLARED_SELECTOR = YES;
				GCC_WARN_UNINITIALIZED_AUTOS = YES_AGGRESSIVE;
				GCC_WARN_UNUSED_FUNCTION = YES;
				GCC_WARN_UNUSED_VARIABLE = YES;
				IPHONEOS_DEPLOYMENT_TARGET = 17.0;
				LOCALIZATION_PREFERS_STRING_CATALOGS = YES;
				MTL_ENABLE_DEBUG_INFO = INCLUDE_SOURCE;
				MTL_FAST_MATH = YES;
				ONLY_ACTIVE_ARCH = YES;
				SDKROOT = iphoneos;
				SWIFT_ACTIVE_COMPILATION_CONDITIONS = "DEBUG $(inherited)";
				SWIFT_OPTIMIZATION_LEVEL = "-Onone";
			};
			name = Debug;
		};
		97912E3C2B19461500A97D29 /* Release */ = {
			isa = XCBuildConfiguration;
			buildSettings = {
				ALWAYS_SEARCH_USER_PATHS = NO;
				ASSETCATALOG_COMPILER_GENERATE_SWIFT_ASSET_SYMBOL_EXTENSIONS = YES;
				CLANG_ANALYZER_NONNULL = YES;
				CLANG_ANALYZER_NUMBER_OBJECT_CONVERSION = YES_AGGRESSIVE;
				CLANG_CXX_LANGUAGE_STANDARD = "gnu++20";
				CLANG_ENABLE_MODULES = YES;
				CLANG_ENABLE_OBJC_ARC = YES;
				CLANG_ENABLE_OBJC_WEAK = YES;
				CLANG_WARN_BLOCK_CAPTURE_AUTORELEASING = YES;
				CLANG_WARN_BOOL_CONVERSION = YES;
				CLANG_WARN_COMMA = YES;
				CLANG_WARN_CONSTANT_CONVERSION = YES;
				CLANG_WARN_DEPRECATED_OBJC_IMPLEMENTATIONS = YES;
				CLANG_WARN_DIRECT_OBJC_ISA_USAGE = YES_ERROR;
				CLANG_WARN_DOCUMENTATION_COMMENTS = YES;
				CLANG_WARN_EMPTY_BODY = YES;
				CLANG_WARN_ENUM_CONVERSION = YES;
				CLANG_WARN_INFINITE_RECURSION = YES;
				CLANG_WARN_INT_CONVERSION = YES;
				CLANG_WARN_NON_LITERAL_NULL_CONVERSION = YES;
				CLANG_WARN_OBJC_IMPLICIT_RETAIN_SELF = YES;
				CLANG_WARN_OBJC_LITERAL_CONVERSION = YES;
				CLANG_WARN_OBJC_ROOT_CLASS = YES_ERROR;
				CLANG_WARN_QUOTED_INCLUDE_IN_FRAMEWORK_HEADER = YES;
				CLANG_WARN_RANGE_LOOP_ANALYSIS = YES;
				CLANG_WARN_STRICT_PROTOTYPES = YES;
				CLANG_WARN_SUSPICIOUS_MOVE = YES;
				CLANG_WARN_UNGUARDED_AVAILABILITY = YES_AGGRESSIVE;
				CLANG_WARN_UNREACHABLE_CODE = YES;
				CLANG_WARN__DUPLICATE_METHOD_MATCH = YES;
				COPY_PHASE_STRIP = NO;
				DEBUG_INFORMATION_FORMAT = "dwarf-with-dsym";
				ENABLE_NS_ASSERTIONS = NO;
				ENABLE_STRICT_OBJC_MSGSEND = YES;
				ENABLE_USER_SCRIPT_SANDBOXING = YES;
				GCC_C_LANGUAGE_STANDARD = gnu17;
				GCC_NO_COMMON_BLOCKS = YES;
				GCC_WARN_64_TO_32_BIT_CONVERSION = YES;
				GCC_WARN_ABOUT_RETURN_TYPE = YES_ERROR;
				GCC_WARN_UNDECLARED_SELECTOR = YES;
				GCC_WARN_UNINITIALIZED_AUTOS = YES_AGGRESSIVE;
				GCC_WARN_UNUSED_FUNCTION = YES;
				GCC_WARN_UNUSED_VARIABLE = YES;
				IPHONEOS_DEPLOYMENT_TARGET = 17.0;
				LOCALIZATION_PREFERS_STRING_CATALOGS = YES;
				MTL_ENABLE_DEBUG_INFO = NO;
				MTL_FAST_MATH = YES;
				SDKROOT = iphoneos;
				SWIFT_COMPILATION_MODE = wholemodule;
				VALIDATE_PRODUCT = YES;
			};
			name = Release;
		};
		97912E3E2B19461500A97D29 /* Debug */ = {
			isa = XCBuildConfiguration;
			buildSettings = {
				ASSETCATALOG_COMPILER_APPICON_NAME = AppIcon;
				ASSETCATALOG_COMPILER_GLOBAL_ACCENT_COLOR_NAME = AccentColor;
				CODE_SIGN_STYLE = Automatic;
				CURRENT_PROJECT_VERSION = 1;
				DEVELOPMENT_ASSET_PATHS = "\"Animals/Preview Content\"";
				DEVELOPMENT_TEAM = Z75S53HB6Z;
				ENABLE_PREVIEWS = YES;
				GENERATE_INFOPLIST_FILE = YES;
				INFOPLIST_KEY_UIApplicationSceneManifest_Generation = YES;
				INFOPLIST_KEY_UIApplicationSupportsIndirectInputEvents = YES;
				INFOPLIST_KEY_UILaunchScreen_Generation = YES;
				INFOPLIST_KEY_UISupportedInterfaceOrientations_iPad = "UIInterfaceOrientationPortrait UIInterfaceOrientationPortraitUpsideDown UIInterfaceOrientationLandscapeLeft UIInterfaceOrientationLandscapeRight";
				INFOPLIST_KEY_UISupportedInterfaceOrientations_iPhone = "UIInterfaceOrientationPortrait UIInterfaceOrientationLandscapeLeft UIInterfaceOrientationLandscapeRight";
				LD_RUNPATH_SEARCH_PATHS = (
					"$(inherited)",
					"@executable_path/Frameworks",
				);
				MARKETING_VERSION = 1.0;
				PRODUCT_BUNDLE_IDENTIFIER = com.juanfrausto.Animals;
				PRODUCT_NAME = "$(TARGET_NAME)";
				SWIFT_EMIT_LOC_STRINGS = YES;
				SWIFT_VERSION = 5.0;
				TARGETED_DEVICE_FAMILY = "1,2";
			};
			name = Debug;
		};
		97912E3F2B19461500A97D29 /* Release */ = {
			isa = XCBuildConfiguration;
			buildSettings = {
				ASSETCATALOG_COMPILER_APPICON_NAME = AppIcon;
				ASSETCATALOG_COMPILER_GLOBAL_ACCENT_COLOR_NAME = AccentColor;
				CODE_SIGN_STYLE = Automatic;
				CURRENT_PROJECT_VERSION = 1;
				DEVELOPMENT_ASSET_PATHS = "\"Animals/Preview Content\"";
				DEVELOPMENT_TEAM = Z75S53HB6Z;
				ENABLE_PREVIEWS = YES;
				GENERATE_INFOPLIST_FILE = YES;
				INFOPLIST_KEY_UIApplicationSceneManifest_Generation = YES;
				INFOPLIST_KEY_UIApplicationSupportsIndirectInputEvents = YES;
				INFOPLIST_KEY_UILaunchScreen_Generation = YES;
				INFOPLIST_KEY_UISupportedInterfaceOrientations_iPad = "UIInterfaceOrientationPortrait UIInterfaceOrientationPortraitUpsideDown UIInterfaceOrientationLandscapeLeft UIInterfaceOrientationLandscapeRight";
				INFOPLIST_KEY_UISupportedInterfaceOrientations_iPhone = "UIInterfaceOrientationPortrait UIInterfaceOrientationLandscapeLeft UIInterfaceOrientationLandscapeRight";
				LD_RUNPATH_SEARCH_PATHS = (
					"$(inherited)",
					"@executable_path/Frameworks",
				);
				MARKETING_VERSION = 1.0;
				PRODUCT_BUNDLE_IDENTIFIER = com.juanfrausto.Animals;
				PRODUCT_NAME = "$(TARGET_NAME)";
				SWIFT_EMIT_LOC_STRINGS = YES;
				SWIFT_VERSION = 5.0;
				TARGETED_DEVICE_FAMILY = "1,2";
			};
			name = Release;
		};
/* End XCBuildConfiguration section */

/* Begin XCConfigurationList section */
		97912E2A2B19461400A97D29 /* Build configuration list for PBXProject "Animals" */ = {
			isa = XCConfigurationList;
			buildConfigurations = (
				97912E3B2B19461500A97D29 /* Debug */,
				97912E3C2B19461500A97D29 /* Release */,
			);
			defaultConfigurationIsVisible = 0;
			defaultConfigurationName = Release;
		};
		97912E3D2B19461500A97D29 /* Build configuration list for PBXNativeTarget "Animals" */ = {
			isa = XCConfigurationList;
			buildConfigurations = (
				97912E3E2B19461500A97D29 /* Debug */,
				97912E3F2B19461500A97D29 /* Release */,
			);
			defaultConfigurationIsVisible = 0;
			defaultConfigurationName = Release;
		};
/* End XCConfigurationList section */

/* Begin XCVersionGroup section */
		976A61612B1BB2CD009752BA /* AnimalsDataModel.xcdatamodeld */ = {
			isa = XCVersionGroup;
			children = (
				976A61622B1BB2CD009752BA /* AnimalsDataModel.xcdatamodel */,
			);
			currentVersion = 976A61622B1BB2CD009752BA /* AnimalsDataModel.xcdatamodel */;
			path = AnimalsDataModel.xcdatamodeld;
			sourceTree = "<group>";
			versionGroupType = wrapper.xcdatamodel;
		};
/* End XCVersionGroup section */
	};
	rootObject = 97912E272B19461400A97D29 /* Project object */;
}
